
Microsoft Visual Studio Solution File, Format Version 12.00
# Visual Studio Version 17
VisualStudioVersion = 17.8.34330.188
MinimumVisualStudioVersion = 10.0.40219.1
Project("{9A19103F-16F7-4668-BE54-9A1E7A4F7556}") = "MyUnis.HttpApi", "MyUnis.HttpApi\MyUnis.HttpApi.csproj", "{E4551565-F77B-4C3D-B493-2D3DE651191E}"
	ProjectSection(ProjectDependencies) = postProject
		{3F199EFF-2F37-45DD-8632-1DE16BF03D96} = {3F199EFF-2F37-45DD-8632-1DE16BF03D96}
		{D7554096-39E0-4EA9-8CD0-CE2CE71F3AD6} = {D7554096-39E0-4EA9-8CD0-CE2CE71F3AD6}
		{F345516A-E11F-4F82-A63B-C96AF60928AA} = {F345516A-E11F-4F82-A63B-C96AF60928AA}
	EndProjectSection
EndProject
Project("{9A19103F-16F7-4668-BE54-9A1E7A4F7556}") = "myUnis.Domain", "myUnis.Domain\myUnis.Domain.csproj", "{F345516A-E11F-4F82-A63B-C96AF60928AA}"
	ProjectSection(ProjectDependencies) = postProject
		{D7554096-39E0-4EA9-8CD0-CE2CE71F3AD6} = {D7554096-39E0-4EA9-8CD0-CE2CE71F3AD6}
	EndProjectSection
EndProject
Project("{9A19103F-16F7-4668-BE54-9A1E7A4F7556}") = "MyUnis.DomainShared", "MyUnis.DomainShared\MyUnis.DomainShared.csproj", "{D7554096-39E0-4EA9-8CD0-CE2CE71F3AD6}"
EndProject
Project("{9A19103F-16F7-4668-BE54-9A1E7A4F7556}") = "myUnis.EfCore", "myUnis.EfCore\myUnis.EfCore.csproj", "{3F199EFF-2F37-45DD-8632-1DE16BF03D96}"
	ProjectSection(ProjectDependencies) = postProject
		{D7554096-39E0-4EA9-8CD0-CE2CE71F3AD6} = {D7554096-39E0-4EA9-8CD0-CE2CE71F3AD6}
		{F345516A-E11F-4F82-A63B-C96AF60928AA} = {F345516A-E11F-4F82-A63B-C96AF60928AA}
	EndProjectSection
EndProject
Project("{FAE04EC0-301F-11D3-BF4B-00C04F79EFBC}") = "CampusFeedApi", "CampusFeedApi\CampusFeedApi.csproj", "{5F320BE4-0E4F-4BB4-B0F2-8786B6204EF6}"
EndProject
Global
	GlobalSection(SolutionConfigurationPlatforms) = preSolution
		Debug|Any CPU = Debug|Any CPU
		Release|Any CPU = Release|Any CPU
	EndGlobalSection
	GlobalSection(ProjectConfigurationPlatforms) = postSolution
		{E4551565-F77B-4C3D-B493-2D3DE651191E}.Debug|Any CPU.ActiveCfg = Debug|Any CPU
		{E4551565-F77B-4C3D-B493-2D3DE651191E}.Debug|Any CPU.Build.0 = Debug|Any CPU
		{E4551565-F77B-4C3D-B493-2D3DE651191E}.Release|Any CPU.ActiveCfg = Release|Any CPU
		{E4551565-F77B-4C3D-B493-2D3DE651191E}.Release|Any CPU.Build.0 = Release|Any CPU
		{F345516A-E11F-4F82-A63B-C96AF60928AA}.Debug|Any CPU.ActiveCfg = Debug|Any CPU
		{F345516A-E11F-4F82-A63B-C96AF60928AA}.Debug|Any CPU.Build.0 = Debug|Any CPU
		{F345516A-E11F-4F82-A63B-C96AF60928AA}.Release|Any CPU.ActiveCfg = Release|Any CPU
		{F345516A-E11F-4F82-A63B-C96AF60928AA}.Release|Any CPU.Build.0 = Release|Any CPU
		{D7554096-39E0-4EA9-8CD0-CE2CE71F3AD6}.Debug|Any CPU.ActiveCfg = Debug|Any CPU
		{D7554096-39E0-4EA9-8CD0-CE2CE71F3AD6}.Debug|Any CPU.Build.0 = Debug|Any CPU
		{D7554096-39E0-4EA9-8CD0-CE2CE71F3AD6}.Release|Any CPU.ActiveCfg = Release|Any CPU
		{D7554096-39E0-4EA9-8CD0-CE2CE71F3AD6}.Release|Any CPU.Build.0 = Release|Any CPU
		{3F199EFF-2F37-45DD-8632-1DE16BF03D96}.Debug|Any CPU.ActiveCfg = Debug|Any CPU
		{3F199EFF-2F37-45DD-8632-1DE16BF03D96}.Debug|Any CPU.Build.0 = Debug|Any CPU
		{3F199EFF-2F37-45DD-8632-1DE16BF03D96}.Release|Any CPU.ActiveCfg = Release|Any CPU
		{3F199EFF-2F37-45DD-8632-1DE16BF03D96}.Release|Any CPU.Build.0 = Release|Any CPU
		{5F320BE4-0E4F-4BB4-B0F2-8786B6204EF6}.Debug|Any CPU.ActiveCfg = Debug|Any CPU
		{5F320BE4-0E4F-4BB4-B0F2-8786B6204EF6}.Debug|Any CPU.Build.0 = Debug|Any CPU
		{5F320BE4-0E4F-4BB4-B0F2-8786B6204EF6}.Release|Any CPU.ActiveCfg = Release|Any CPU
		{5F320BE4-0E4F-4BB4-B0F2-8786B6204EF6}.Release|Any CPU.Build.0 = Release|Any CPU
	EndGlobalSection
	GlobalSection(SolutionProperties) = preSolution
		HideSolutionNode = FALSE
	EndGlobalSection
	GlobalSection(ExtensibilityGlobals) = postSolution
		SolutionGuid = {4A159782-46C3-4EAB-B73B-F9F1638CF539}
	EndGlobalSection
EndGlobal
